# Generated by pub
# See https://dart.dev/tools/pub/glossary#lockfile
packages:
  animated_splash_screen:
    dependency: "direct dev"
    description:
      name: animated_splash_screen
      sha256: "7406fa853f86334654b339232942902aaef19c1d6290736682aa0ae9e5b7e2e6"
      url: "https://pub.dev"
    source: hosted
    version: "1.1.0"
  async:
    dependency: transitive
    description:
      name: async
      sha256: "947bfcf187f74dbc5e146c9eb9c0f10c9f8b30743e341481c1e2ed3ecc18c20c"
      url: "https://pub.dev"
    source: hosted
    version: "2.11.0"
  boolean_selector:
    dependency: transitive
    description:
      name: boolean_selector
      sha256: "6cfb5af12253eaf2b368f07bacc5a80d1301a071c73360d746b7f2e32d762c66"
      url: "https://pub.dev"
    source: hosted
    version: "2.1.1"
  characters:
    dependency: transitive
    description:
      name: characters
      sha256: "04a925763edad70e8443c99234dc3328f442e811f1d8fd1a72f1c8ad0f69a605"
      url: "https://pub.dev"
    source: hosted
    version: "1.3.0"
  clipboard:
    dependency: "direct dev"
    description:
      name: clipboard
      sha256: "2ec38f0e59878008ceca0ab122e4bfde98847f88ef0f83331362ba4521f565a9"
      url: "https://pub.dev"
    source: hosted
    version: "0.1.3"
  clock:
    dependency: transitive
    description:
      name: clock
      sha256: cb6d7f03e1de671e34607e909a7213e31d7752be4fb66a86d29fe1eb14bfb5cf
      url: "https://pub.dev"
    source: hosted
    version: "1.1.1"
  collection:
    dependency: transitive
    description:
      name: collection
      sha256: f092b211a4319e98e5ff58223576de6c2803db36221657b46c82574721240687
      url: "https://pub.dev"
    source: hosted
    version: "1.17.2"
  cupertino_icons:
    dependency: "direct main"
    description:
      name: cupertino_icons
      sha256: "486b7bc707424572cdf7bd7e812a0c146de3fd47ecadf070254cc60383f21dd8"
      url: "https://pub.dev"
    source: hosted
    version: "1.0.3"
  fake_async:
    dependency: transitive
    description:
      name: fake_async
      sha256: "511392330127add0b769b75a987850d136345d9227c6b94c96a04cf4a391bf78"
      url: "https://pub.dev"
    source: hosted
    version: "1.3.1"
  flutter:
    dependency: "direct main"
    description: flutter
    source: sdk
    version: "0.0.0"
  flutter_email_sender:
    dependency: "direct dev"
    description:
      name: flutter_email_sender
      sha256: "5172881a56211978d124dca0ba6f0e91d1b9fd5a664933a772bef592ed7d89b6"
      url: "https://pub.dev"
    source: hosted
    version: "5.0.0"
  flutter_svg:
    dependency: "direct dev"
    description:
      name: flutter_svg
      sha256: "9ac1967e2f72a08af11b05b39167920f90d043cf67163d13a544a358c8f31afa"
      url: "https://pub.dev"
    source: hosted
    version: "0.22.0"
  flutter_swiper_null_safety:
    dependency: "direct dev"
    description:
      name: flutter_swiper_null_safety
      sha256: "5a855e0080d035c08e82f8b7fd2f106344943a30c9ab483b2584860a2f22eaaf"
      url: "https://pub.dev"
    source: hosted
    version: "1.0.2"
  flutter_test:
    dependency: "direct dev"
    description: flutter
    source: sdk
    version: "0.0.0"
  flutter_web_plugins:
    dependency: transitive
    description: flutter
    source: sdk
    version: "0.0.0"
  font_awesome_flutter:
    dependency: "direct dev"
    description:
      name: font_awesome_flutter
      sha256: bae6387c6e4dbff3deab0c79636ce361de7e6858708c8845fc2addd8d7e697eb
      url: "https://pub.dev"
    source: hosted
    version: "9.1.0"
  hovering:
    dependency: "direct dev"
    description:
      name: hovering
      sha256: "0df77800487be6d29c8687fb775f53e1b308988c6e63a6a9c579cec701fbfe76"
      url: "https://pub.dev"
    source: hosted
    version: "1.0.4"
  js:
    dependency: transitive
    description:
      name: js
      sha256: f2c445dce49627136094980615a031419f7f3eb393237e4ecd97ac15dea343f3
      url: "https://pub.dev"
    source: hosted
    version: "0.6.7"
  matcher:
    dependency: transitive
    description:
      name: matcher
      sha256: "6501fbd55da300384b768785b83e5ce66991266cec21af89ab9ae7f5ce1c4cbb"
      url: "https://pub.dev"
    source: hosted
    version: "0.12.15"
  material_color_utilities:
    dependency: transitive
    description:
      name: material_color_utilities
      sha256: "9528f2f296073ff54cb9fee677df673ace1218163c3bc7628093e7eed5203d41"
      url: "https://pub.dev"
    source: hosted
    version: "0.5.0"
  meta:
    dependency: transitive
    description:
      name: meta
      sha256: "3c74dbf8763d36539f114c799d8a2d87343b5067e9d796ca22b5eb8437090ee3"
      url: "https://pub.dev"
    source: hosted
    version: "1.9.1"
  page_transition:
    dependency: transitive
    description:
      name: page_transition
      sha256: d976073a2c7f13cdd5feaea8087cdb92ef70bed6b5938bf6ce38945435baf606
      url: "https://pub.dev"
    source: hosted
    version: "2.0.1-nullsafety.0"
  path:
    dependency: transitive
    description:
      name: path
      sha256: "8829d8a55c13fc0e37127c29fedf290c102f4e40ae94ada574091fe0ff96c917"
      url: "https://pub.dev"
    source: hosted
    version: "1.8.3"
  path_drawing:
    dependency: transitive
    description:
      name: path_drawing
      sha256: b3e5edec6981a3679e57061fe045176646ac2b3e9f88770262ef1ac3673bab19
      url: "https://pub.dev"
    source: hosted
    version: "0.5.1"
  path_parsing:
    dependency: transitive
    description:
      name: path_parsing
      sha256: ee5c47c1058ad66b4a41746ec3996af9593d0858872807bcd64ac118f0700337
      url: "https://pub.dev"
    source: hosted
    version: "0.2.1"
  persistent_bottom_nav_bar:
    dependency: "direct dev"
    description:
      name: persistent_bottom_nav_bar
      sha256: b8dc9cfc1ea36cef1a55c059c151d8ec8aaa28da4f0dcd224a3b3c0bed8bf130
      url: "https://pub.dev"
    source: hosted
    version: "4.0.2"
  petitparser:
    dependency: transitive
    description:
      name: petitparser
      sha256: "85e8f8b118afcccf948a9844d199e56260117400bd9b9982d87bf1d62ebc1690"
      url: "https://pub.dev"
    source: hosted
    version: "4.1.0"
  plugin_platform_interface:
    dependency: transitive
    description:
      name: plugin_platform_interface
      sha256: c2c49e16d42fd6983eb55e44b7f197fdf16b4da7aab7f8e1d21da307cad3fb02
      url: "https://pub.dev"
    source: hosted
    version: "2.0.0"
  sky_engine:
    dependency: transitive
    description: flutter
    source: sdk
    version: "0.0.99"
  source_span:
    dependency: transitive
    description:
      name: source_span
      sha256: "53e943d4206a5e30df338fd4c6e7a077e02254531b138a15aec3bd143c1a8b3c"
      url: "https://pub.dev"
    source: hosted
    version: "1.10.0"
  stack_trace:
    dependency: transitive
    description:
      name: stack_trace
      sha256: c3c7d8edb15bee7f0f74debd4b9c5f3c2ea86766fe4178eb2a18eb30a0bdaed5
      url: "https://pub.dev"
    source: hosted
    version: "1.11.0"
  stream_channel:
    dependency: transitive
    description:
      name: stream_channel
      sha256: "83615bee9045c1d322bbbd1ba209b7a749c2cbcdcb3fdd1df8eb488b3279c1c8"
      url: "https://pub.dev"
    source: hosted
    version: "2.1.1"
  string_scanner:
    dependency: transitive
    description:
      name: string_scanner
      sha256: "556692adab6cfa87322a115640c11f13cb77b3f076ddcc5d6ae3c20242bedcde"
      url: "https://pub.dev"
    source: hosted
    version: "1.2.0"
  term_glyph:
    dependency: transitive
    description:
      name: term_glyph
      sha256: a29248a84fbb7c79282b40b8c72a1209db169a2e0542bce341da992fe1bc7e84
      url: "https://pub.dev"
    source: hosted
    version: "1.2.1"
  test_api:
    dependency: transitive
    description:
      name: test_api
      sha256: daadc9baabec998b062c9091525aa95786508b1c48e9c30f1f891b8bf6ff2e64
      url: "https://pub.dev"
    source: hosted
    version: "0.5.2"
  url_launcher:
    dependency: "direct dev"
    description:
      name: url_launcher
      sha256: "3f2b9ed1fb84cbcb0fc7887ed052ab379e2ce761fa705d026b511d7c75fdd6b9"
      url: "https://pub.dev"
    source: hosted
    version: "6.0.6"
  url_launcher_linux:
    dependency: transitive
    description:
      name: url_launcher_linux
      sha256: "86f3f393cde6bed2a05bfc7f05e52aeaf4f9911a3ad9ff78a42e89e57e5a264a"
      url: "https://pub.dev"
    source: hosted
    version: "2.0.0"
  url_launcher_macos:
    dependency: transitive
    description:
      name: url_launcher_macos
      sha256: f72b523da791d519aed53c12fd99c7dc50fdd1e4913da904081f3666d06334b5
      url: "https://pub.dev"
    source: hosted
    version: "2.0.0"
  url_launcher_platform_interface:
    dependency: transitive
    description:
      name: url_launcher_platform_interface
      sha256: "062ff07300fa86ed4aa48fae6c5c5187a0e0f570276bcfe589876d48f11fbb0f"
      url: "https://pub.dev"
    source: hosted
    version: "2.0.3"
  url_launcher_web:
    dependency: transitive
    description:
      name: url_launcher_web
      sha256: c664a85a7b765ea11bbaa6b44b528b449f02765b48881158054b4f09e2192754
      url: "https://pub.dev"
    source: hosted
    version: "2.0.1"
  url_launcher_windows:
    dependency: transitive
    description:
      name: url_launcher_windows
      sha256: f98b970a12236957881fa28df0c6700f03d9dc5f471cf5ca6d205b77e7ad92d2
      url: "https://pub.dev"
    source: hosted
    version: "2.0.0"
  vector_math:
    dependency: transitive
    description:
      name: vector_math
      sha256: "80b3257d1492ce4d091729e3a67a60407d227c27241d6927be0130c98e741803"
      url: "https://pub.dev"
    source: hosted
    version: "2.1.4"
  xml:
    dependency: transitive
    description:
      name: xml
      sha256: "30498604ab00fc50286f8aaf7e077c496550b16ed2f325c14152244882314f03"
      url: "https://pub.dev"
    source: hosted
    version: "5.1.2"
sdks:
  dart: ">=3.0.0-0 <4.0.0"
  flutter: ">=2.0.0"
